
Microsoft Visual Studio Solution File, Format Version 12.00
# Visual Studio Version 17
VisualStudioVersion = 17.14.36511.14 d17.14
MinimumVisualStudioVersion = 10.0.40219.1
Project("{F2A71F9B-5D33-465A-A702-920D77279786}") = "ChatGPT5scanner", "ChatGPT5scanner.fsproj", "{9CA88A9D-9918-4BD8-B87D-8A87FC1B7A6C}"
EndProject
Global
	GlobalSection(SolutionConfigurationPlatforms) = preSolution
		Debug|Any CPU = Debug|Any CPU
		Release|Any CPU = Release|Any CPU
	EndGlobalSection
	GlobalSection(ProjectConfigurationPlatforms) = postSolution
		{9CA88A9D-9918-4BD8-B87D-8A87FC1B7A6C}.Debug|Any CPU.ActiveCfg = Debug|Any CPU
		{9CA88A9D-9918-4BD8-B87D-8A87FC1B7A6C}.Debug|Any CPU.Build.0 = Debug|Any CPU
		{9CA88A9D-9918-4BD8-B87D-8A87FC1B7A6C}.Release|Any CPU.ActiveCfg = Release|Any CPU
		{9CA88A9D-9918-4BD8-B87D-8A87FC1B7A6C}.Release|Any CPU.Build.0 = Release|Any CPU
	EndGlobalSection
	GlobalSection(SolutionProperties) = preSolution
		HideSolutionNode = FALSE
	EndGlobalSection
	GlobalSection(ExtensibilityGlobals) = postSolution
		SolutionGuid = {4CC2F199-796F-4B74-9D88-F6AC40B74EEF}
	EndGlobalSection
EndGlobal
